
Microsoft Visual Studio Solution File, Format Version 12.00
# Visual Studio 15
VisualStudioVersion = 15.0.27004.2010
MinimumVisualStudioVersion = 10.0.40219.1
Project("{8BC9CEB8-8B4A-11D0-8D11-00A0C91BC942}") = "Project3", "Project3\Project3.vcxproj", "{AC3A040F-321A-49E6-8D90-E03ED3C01FF9}"
EndProject
Global
	GlobalSection(SolutionConfigurationPlatforms) = preSolution
		Debug|x64 = Debug|x64
		Debug|x86 = Debug|x86
		Release|x64 = Release|x64
		Release|x86 = Release|x86
	EndGlobalSection
	GlobalSection(ProjectConfigurationPlatforms) = postSolution
		{AC3A040F-321A-49E6-8D90-E03ED3C01FF9}.Debug|x64.ActiveCfg = Debug|x64
		{AC3A040F-321A-49E6-8D90-E03ED3C01FF9}.Debug|x64.Build.0 = Debug|x64
		{AC3A040F-321A-49E6-8D90-E03ED3C01FF9}.Debug|x86.ActiveCfg = Debug|Win32
		{AC3A040F-321A-49E6-8D90-E03ED3C01FF9}.Debug|x86.Build.0 = Debug|Win32
		{AC3A040F-321A-49E6-8D90-E03ED3C01FF9}.Release|x64.ActiveCfg = Release|x64
		{AC3A040F-321A-49E6-8D90-E03ED3C01FF9}.Release|x64.Build.0 = Release|x64
		{AC3A040F-321A-49E6-8D90-E03ED3C01FF9}.Release|x86.ActiveCfg = Release|Win32
		{AC3A040F-321A-49E6-8D90-E03ED3C01FF9}.Release|x86.Build.0 = Release|Win32
	EndGlobalSection
	GlobalSection(SolutionProperties) = preSolution
		HideSolutionNode = FALSE
	EndGlobalSection
	GlobalSection(ExtensibilityGlobals) = postSolution
		SolutionGuid = {A57F9745-0AC1-4D74-A3A7-C076091D0D7B}
	EndGlobalSection
EndGlobal
